
Microsoft Visual Studio Solution File, Format Version 12.00
# Visual Studio Version 16
VisualStudioVersion = 16.0.31424.327
MinimumVisualStudioVersion = 10.0.40219.1
Project("{FAE04EC0-301F-11D3-BF4B-00C04F79EFBC}") = "DataCollection.Android", "DataCollection\DataCollection.Android\DataCollection.Android.csproj", "{EC64E843-5B43-4D18-9EF5-57365DCEEDCC}"
EndProject
Project("{FAE04EC0-301F-11D3-BF4B-00C04F79EFBC}") = "DataCollection.iOS", "DataCollection\DataCollection.iOS\DataCollection.iOS.csproj", "{633FF4DD-4D69-40E1-B743-5713D4DB8DED}"
EndProject
Project("{FAE04EC0-301F-11D3-BF4B-00C04F79EFBC}") = "DataCollection", "DataCollection\DataCollection\DataCollection.csproj", "{522E4A91-6FCA-4DEC-8FCE-767646D00047}"
EndProject
Global
	GlobalSection(SolutionConfigurationPlatforms) = preSolution
		Debug|Any CPU = Debug|Any CPU
		Debug|iPhone = Debug|iPhone
		Debug|iPhoneSimulator = Debug|iPhoneSimulator
		Release|Any CPU = Release|Any CPU
		Release|iPhone = Release|iPhone
		Release|iPhoneSimulator = Release|iPhoneSimulator
	EndGlobalSection
	GlobalSection(ProjectConfigurationPlatforms) = postSolution
		{EC64E843-5B43-4D18-9EF5-57365DCEEDCC}.Debug|Any CPU.ActiveCfg = Debug|Any CPU
		{EC64E843-5B43-4D18-9EF5-57365DCEEDCC}.Debug|Any CPU.Build.0 = Debug|Any CPU
		{EC64E843-5B43-4D18-9EF5-57365DCEEDCC}.Debug|Any CPU.Deploy.0 = Debug|Any CPU
		{EC64E843-5B43-4D18-9EF5-57365DCEEDCC}.Debug|iPhone.ActiveCfg = Debug|Any CPU
		{EC64E843-5B43-4D18-9EF5-57365DCEEDCC}.Debug|iPhone.Build.0 = Debug|Any CPU
		{EC64E843-5B43-4D18-9EF5-57365DCEEDCC}.Debug|iPhone.Deploy.0 = Debug|Any CPU
		{EC64E843-5B43-4D18-9EF5-57365DCEEDCC}.Debug|iPhoneSimulator.ActiveCfg = Debug|Any CPU
		{EC64E843-5B43-4D18-9EF5-57365DCEEDCC}.Debug|iPhoneSimulator.Build.0 = Debug|Any CPU
		{EC64E843-5B43-4D18-9EF5-57365DCEEDCC}.Debug|iPhoneSimulator.Deploy.0 = Debug|Any CPU
		{EC64E843-5B43-4D18-9EF5-57365DCEEDCC}.Release|Any CPU.ActiveCfg = Release|Any CPU
		{EC64E843-5B43-4D18-9EF5-57365DCEEDCC}.Release|Any CPU.Build.0 = Release|Any CPU
		{EC64E843-5B43-4D18-9EF5-57365DCEEDCC}.Release|Any CPU.Deploy.0 = Release|Any CPU
		{EC64E843-5B43-4D18-9EF5-57365DCEEDCC}.Release|iPhone.ActiveCfg = Release|Any CPU
		{EC64E843-5B43-4D18-9EF5-57365DCEEDCC}.Release|iPhone.Build.0 = Release|Any CPU
		{EC64E843-5B43-4D18-9EF5-57365DCEEDCC}.Release|iPhone.Deploy.0 = Release|Any CPU
		{EC64E843-5B43-4D18-9EF5-57365DCEEDCC}.Release|iPhoneSimulator.ActiveCfg = Release|Any CPU
		{EC64E843-5B43-4D18-9EF5-57365DCEEDCC}.Release|iPhoneSimulator.Build.0 = Release|Any CPU
		{EC64E843-5B43-4D18-9EF5-57365DCEEDCC}.Release|iPhoneSimulator.Deploy.0 = Release|Any CPU
		{633FF4DD-4D69-40E1-B743-5713D4DB8DED}.Debug|Any CPU.ActiveCfg = Debug|iPhone
		{633FF4DD-4D69-40E1-B743-5713D4DB8DED}.Debug|Any CPU.Build.0 = Debug|iPhone
		{633FF4DD-4D69-40E1-B743-5713D4DB8DED}.Debug|Any CPU.Deploy.0 = Debug|iPhone
		{633FF4DD-4D69-40E1-B743-5713D4DB8DED}.Debug|iPhone.ActiveCfg = Debug|iPhone
		{633FF4DD-4D69-40E1-B743-5713D4DB8DED}.Debug|iPhone.Build.0 = Debug|iPhone
		{633FF4DD-4D69-40E1-B743-5713D4DB8DED}.Debug|iPhone.Deploy.0 = Debug|iPhone
		{633FF4DD-4D69-40E1-B743-5713D4DB8DED}.Debug|iPhoneSimulator.ActiveCfg = Debug|iPhoneSimulator
		{633FF4DD-4D69-40E1-B743-5713D4DB8DED}.Debug|iPhoneSimulator.Build.0 = Debug|iPhoneSimulator
		{633FF4DD-4D69-40E1-B743-5713D4DB8DED}.Debug|iPhoneSimulator.Deploy.0 = Debug|iPhoneSimulator
		{633FF4DD-4D69-40E1-B743-5713D4DB8DED}.Release|Any CPU.ActiveCfg = Release|iPhoneSimulator
		{633FF4DD-4D69-40E1-B743-5713D4DB8DED}.Release|Any CPU.Build.0 = Release|iPhoneSimulator
		{633FF4DD-4D69-40E1-B743-5713D4DB8DED}.Release|Any CPU.Deploy.0 = Release|iPhoneSimulator
		{633FF4DD-4D69-40E1-B743-5713D4DB8DED}.Release|iPhone.ActiveCfg = Release|iPhone
		{633FF4DD-4D69-40E1-B743-5713D4DB8DED}.Release|iPhone.Build.0 = Release|iPhone
		{633FF4DD-4D69-40E1-B743-5713D4DB8DED}.Release|iPhone.Deploy.0 = Release|iPhone
		{633FF4DD-4D69-40E1-B743-5713D4DB8DED}.Release|iPhoneSimulator.ActiveCfg = Release|iPhoneSimulator
		{633FF4DD-4D69-40E1-B743-5713D4DB8DED}.Release|iPhoneSimulator.Build.0 = Release|iPhoneSimulator
		{633FF4DD-4D69-40E1-B743-5713D4DB8DED}.Release|iPhoneSimulator.Deploy.0 = Release|iPhoneSimulator
		{522E4A91-6FCA-4DEC-8FCE-767646D00047}.Debug|Any CPU.ActiveCfg = Debug|Any CPU
		{522E4A91-6FCA-4DEC-8FCE-767646D00047}.Debug|Any CPU.Build.0 = Debug|Any CPU
		{522E4A91-6FCA-4DEC-8FCE-767646D00047}.Debug|Any CPU.Deploy.0 = Debug|Any CPU
		{522E4A91-6FCA-4DEC-8FCE-767646D00047}.Debug|iPhone.ActiveCfg = Debug|Any CPU
		{522E4A91-6FCA-4DEC-8FCE-767646D00047}.Debug|iPhone.Build.0 = Debug|Any CPU
		{522E4A91-6FCA-4DEC-8FCE-767646D00047}.Debug|iPhone.Deploy.0 = Debug|Any CPU
		{522E4A91-6FCA-4DEC-8FCE-767646D00047}.Debug|iPhoneSimulator.ActiveCfg = Debug|Any CPU
		{522E4A91-6FCA-4DEC-8FCE-767646D00047}.Debug|iPhoneSimulator.Build.0 = Debug|Any CPU
		{522E4A91-6FCA-4DEC-8FCE-767646D00047}.Debug|iPhoneSimulator.Deploy.0 = Debug|Any CPU
		{522E4A91-6FCA-4DEC-8FCE-767646D00047}.Release|Any CPU.ActiveCfg = Release|Any CPU
		{522E4A91-6FCA-4DEC-8FCE-767646D00047}.Release|Any CPU.Build.0 = Release|Any CPU
		{522E4A91-6FCA-4DEC-8FCE-767646D00047}.Release|Any CPU.Deploy.0 = Release|Any CPU
		{522E4A91-6FCA-4DEC-8FCE-767646D00047}.Release|iPhone.ActiveCfg = Release|Any CPU
		{522E4A91-6FCA-4DEC-8FCE-767646D00047}.Release|iPhone.Build.0 = Release|Any CPU
		{522E4A91-6FCA-4DEC-8FCE-767646D00047}.Release|iPhone.Deploy.0 = Release|Any CPU
		{522E4A91-6FCA-4DEC-8FCE-767646D00047}.Release|iPhoneSimulator.ActiveCfg = Release|Any CPU
		{522E4A91-6FCA-4DEC-8FCE-767646D00047}.Release|iPhoneSimulator.Build.0 = Release|Any CPU
		{522E4A91-6FCA-4DEC-8FCE-767646D00047}.Release|iPhoneSimulator.Deploy.0 = Release|Any CPU
	EndGlobalSection
	GlobalSection(SolutionProperties) = preSolution
		HideSolutionNode = FALSE
	EndGlobalSection
	GlobalSection(ExtensibilityGlobals) = postSolution
		SolutionGuid = {12D95F76-E9AE-46F9-B3F1-A784C0E49628}
	EndGlobalSection
EndGlobal
